
Microsoft Visual Studio Solution File, Format Version 12.00
# Visual Studio Version 16
VisualStudioVersion = 16.0.29215.179
MinimumVisualStudioVersion = 10.0.40219.1
Project("{FAE04EC0-301F-11D3-BF4B-00C04F79EFBC}") = "PinUtility", "PinUtility\PinUtility.csproj", "{26C6474C-62E3-4495-9D59-7C079186A294}"
EndProject
Global
	GlobalSection(SolutionConfigurationPlatforms) = preSolution
		Debug|Any CPU = Debug|Any CPU
		Release|Any CPU = Release|Any CPU
	EndGlobalSection
	GlobalSection(ProjectConfigurationPlatforms) = postSolution
		{26C6474C-62E3-4495-9D59-7C079186A294}.Debug|Any CPU.ActiveCfg = Debug|Any CPU
		{26C6474C-62E3-4495-9D59-7C079186A294}.Debug|Any CPU.Build.0 = Debug|Any CPU
		{26C6474C-62E3-4495-9D59-7C079186A294}.Release|Any CPU.ActiveCfg = Release|Any CPU
		{26C6474C-62E3-4495-9D59-7C079186A294}.Release|Any CPU.Build.0 = Release|Any CPU
	EndGlobalSection
	GlobalSection(SolutionProperties) = preSolution
		HideSolutionNode = FALSE
	EndGlobalSection
	GlobalSection(ExtensibilityGlobals) = postSolution
		SolutionGuid = {AC5CDD68-F6E1-409D-AB31-F0F9F8C18FF9}
	EndGlobalSection
EndGlobal
